
Microsoft Visual Studio Solution File, Format Version 12.00
# Visual Studio 15
VisualStudioVersion = 15.0.27428.2037
MinimumVisualStudioVersion = 10.0.40219.1
Project("{FAE04EC0-301F-11D3-BF4B-00C04F79EFBC}") = "TrafficLights.UI", "TrafficLights\TrafficLights.UI.csproj", "{7B3D6A19-65D7-4F58-BF2C-D386EE06C93E}"
EndProject
Project("{FAE04EC0-301F-11D3-BF4B-00C04F79EFBC}") = "TrafficLights.Models", "TrafficLights.Models\TrafficLights.Models.csproj", "{3C852DED-20A9-4704-B28B-7FCA478CBF7C}"
EndProject
Project("{FAE04EC0-301F-11D3-BF4B-00C04F79EFBC}") = "TrafficLights.BLL", "TrafficLight.BLL\TrafficLights.BLL.csproj", "{7154E2E0-DF41-4048-B7BF-20ACED576BA7}"
EndProject
Global
	GlobalSection(SolutionConfigurationPlatforms) = preSolution
		Debug|Any CPU = Debug|Any CPU
		Release|Any CPU = Release|Any CPU
	EndGlobalSection
	GlobalSection(ProjectConfigurationPlatforms) = postSolution
		{7B3D6A19-65D7-4F58-BF2C-D386EE06C93E}.Debug|Any CPU.ActiveCfg = Debug|Any CPU
		{7B3D6A19-65D7-4F58-BF2C-D386EE06C93E}.Debug|Any CPU.Build.0 = Debug|Any CPU
		{7B3D6A19-65D7-4F58-BF2C-D386EE06C93E}.Release|Any CPU.ActiveCfg = Release|Any CPU
		{7B3D6A19-65D7-4F58-BF2C-D386EE06C93E}.Release|Any CPU.Build.0 = Release|Any CPU
		{3C852DED-20A9-4704-B28B-7FCA478CBF7C}.Debug|Any CPU.ActiveCfg = Debug|Any CPU
		{3C852DED-20A9-4704-B28B-7FCA478CBF7C}.Debug|Any CPU.Build.0 = Debug|Any CPU
		{3C852DED-20A9-4704-B28B-7FCA478CBF7C}.Release|Any CPU.ActiveCfg = Release|Any CPU
		{3C852DED-20A9-4704-B28B-7FCA478CBF7C}.Release|Any CPU.Build.0 = Release|Any CPU
		{7154E2E0-DF41-4048-B7BF-20ACED576BA7}.Debug|Any CPU.ActiveCfg = Debug|Any CPU
		{7154E2E0-DF41-4048-B7BF-20ACED576BA7}.Debug|Any CPU.Build.0 = Debug|Any CPU
		{7154E2E0-DF41-4048-B7BF-20ACED576BA7}.Release|Any CPU.ActiveCfg = Release|Any CPU
		{7154E2E0-DF41-4048-B7BF-20ACED576BA7}.Release|Any CPU.Build.0 = Release|Any CPU
	EndGlobalSection
	GlobalSection(SolutionProperties) = preSolution
		HideSolutionNode = FALSE
	EndGlobalSection
	GlobalSection(ExtensibilityGlobals) = postSolution
		SolutionGuid = {9FB7B670-1FAB-4FBE-B27E-D292ED5671C1}
	EndGlobalSection
EndGlobal
