
Microsoft Visual Studio Solution File, Format Version 12.00
# Visual Studio 15
VisualStudioVersion = 15.0.27428.2037
MinimumVisualStudioVersion = 10.0.40219.1
Project("{FAE04EC0-301F-11D3-BF4B-00C04F79EFBC}") = "REALHUMANTEXTINGSERVICE", "REALHUMANTEXTINGSERVICE\REALHUMANTEXTINGSERVICE.csproj", "{4DCD6A27-EAA2-4698-8930-99410392D781}"
EndProject
Project("{FAE04EC0-301F-11D3-BF4B-00C04F79EFBC}") = "REALHUMANTEXTINGSERVICE.MODELS", "REALHUMANTEXTINGSERVICE.MODELS\REALHUMANTEXTINGSERVICE.MODELS.csproj", "{BD2C647C-C52D-4DFF-ACD5-7B9CC3F57732}"
EndProject
Project("{FAE04EC0-301F-11D3-BF4B-00C04F79EFBC}") = "REALHUMANTEXTINGSERVICE.DATA", "REALHUMANTEXTINGSERVICE.DATA\REALHUMANTEXTINGSERVICE.DATA.csproj", "{4D202753-605F-474D-AA09-76B67A717B3A}"
EndProject
Project("{FAE04EC0-301F-11D3-BF4B-00C04F79EFBC}") = "REALHUMANTEXTINGSERVICE.BLL", "REALHUMANTEXTINGSERVICE.BLL\REALHUMANTEXTINGSERVICE.BLL.csproj", "{248C9970-BE18-426A-8F0B-3B24C2A5C9A2}"
EndProject
Global
	GlobalSection(SolutionConfigurationPlatforms) = preSolution
		Debug|Any CPU = Debug|Any CPU
		Release|Any CPU = Release|Any CPU
	EndGlobalSection
	GlobalSection(ProjectConfigurationPlatforms) = postSolution
		{4DCD6A27-EAA2-4698-8930-99410392D781}.Debug|Any CPU.ActiveCfg = Debug|Any CPU
		{4DCD6A27-EAA2-4698-8930-99410392D781}.Debug|Any CPU.Build.0 = Debug|Any CPU
		{4DCD6A27-EAA2-4698-8930-99410392D781}.Release|Any CPU.ActiveCfg = Release|Any CPU
		{4DCD6A27-EAA2-4698-8930-99410392D781}.Release|Any CPU.Build.0 = Release|Any CPU
		{BD2C647C-C52D-4DFF-ACD5-7B9CC3F57732}.Debug|Any CPU.ActiveCfg = Debug|Any CPU
		{BD2C647C-C52D-4DFF-ACD5-7B9CC3F57732}.Debug|Any CPU.Build.0 = Debug|Any CPU
		{BD2C647C-C52D-4DFF-ACD5-7B9CC3F57732}.Release|Any CPU.ActiveCfg = Release|Any CPU
		{BD2C647C-C52D-4DFF-ACD5-7B9CC3F57732}.Release|Any CPU.Build.0 = Release|Any CPU
		{4D202753-605F-474D-AA09-76B67A717B3A}.Debug|Any CPU.ActiveCfg = Debug|Any CPU
		{4D202753-605F-474D-AA09-76B67A717B3A}.Debug|Any CPU.Build.0 = Debug|Any CPU
		{4D202753-605F-474D-AA09-76B67A717B3A}.Release|Any CPU.ActiveCfg = Release|Any CPU
		{4D202753-605F-474D-AA09-76B67A717B3A}.Release|Any CPU.Build.0 = Release|Any CPU
		{248C9970-BE18-426A-8F0B-3B24C2A5C9A2}.Debug|Any CPU.ActiveCfg = Debug|Any CPU
		{248C9970-BE18-426A-8F0B-3B24C2A5C9A2}.Debug|Any CPU.Build.0 = Debug|Any CPU
		{248C9970-BE18-426A-8F0B-3B24C2A5C9A2}.Release|Any CPU.ActiveCfg = Release|Any CPU
		{248C9970-BE18-426A-8F0B-3B24C2A5C9A2}.Release|Any CPU.Build.0 = Release|Any CPU
	EndGlobalSection
	GlobalSection(SolutionProperties) = preSolution
		HideSolutionNode = FALSE
	EndGlobalSection
	GlobalSection(ExtensibilityGlobals) = postSolution
		SolutionGuid = {800C6147-7BEF-4BBC-AF1F-CC542CD17E6D}
	EndGlobalSection
EndGlobal
